
Microsoft Visual Studio Solution File, Format Version 12.00
# Visual Studio Version 16
VisualStudioVersion = 16.0.31515.178
MinimumVisualStudioVersion = 10.0.40219.1
Project("{FAE04EC0-301F-11D3-BF4B-00C04F79EFBC}") = "QLSV", "QLSV\QLSV.csproj", "{145B2A7B-2139-4771-9DED-92CEFC2A8535}"
EndProject
Global
	GlobalSection(SolutionConfigurationPlatforms) = preSolution
		Debug|Any CPU = Debug|Any CPU
		Release|Any CPU = Release|Any CPU
	EndGlobalSection
	GlobalSection(ProjectConfigurationPlatforms) = postSolution
		{145B2A7B-2139-4771-9DED-92CEFC2A8535}.Debug|Any CPU.ActiveCfg = Debug|Any CPU
		{145B2A7B-2139-4771-9DED-92CEFC2A8535}.Debug|Any CPU.Build.0 = Debug|Any CPU
		{145B2A7B-2139-4771-9DED-92CEFC2A8535}.Release|Any CPU.ActiveCfg = Release|Any CPU
		{145B2A7B-2139-4771-9DED-92CEFC2A8535}.Release|Any CPU.Build.0 = Release|Any CPU
	EndGlobalSection
	GlobalSection(SolutionProperties) = preSolution
		HideSolutionNode = FALSE
	EndGlobalSection
	GlobalSection(ExtensibilityGlobals) = postSolution
		SolutionGuid = {D75A21E4-F209-480B-B3FF-8E685E8109FF}
	EndGlobalSection
EndGlobal
